
Microsoft Visual Studio Solution File, Format Version 12.00
# Visual Studio Version 17
VisualStudioVersion = 17.8.34525.116
MinimumVisualStudioVersion = 10.0.40219.1
Project("{FAE04EC0-301F-11D3-BF4B-00C04F79EFBC}") = "ServiceForQuestionnaires", "ServiceForQuestionnaires\ServiceForQuestionnaires.csproj", "{0D5FDFEA-983A-4E07-985D-2B2F63DFDECB}"
EndProject
Project("{FAE04EC0-301F-11D3-BF4B-00C04F79EFBC}") = "DataAccess", "DataAccess\DataAccess.csproj", "{14D5F4BC-D745-4360-B8C8-23306804D4E2}"
EndProject
Global
	GlobalSection(SolutionConfigurationPlatforms) = preSolution
		Debug|Any CPU = Debug|Any CPU
		Release|Any CPU = Release|Any CPU
	EndGlobalSection
	GlobalSection(ProjectConfigurationPlatforms) = postSolution
		{0D5FDFEA-983A-4E07-985D-2B2F63DFDECB}.Debug|Any CPU.ActiveCfg = Debug|Any CPU
		{0D5FDFEA-983A-4E07-985D-2B2F63DFDECB}.Debug|Any CPU.Build.0 = Debug|Any CPU
		{0D5FDFEA-983A-4E07-985D-2B2F63DFDECB}.Release|Any CPU.ActiveCfg = Release|Any CPU
		{0D5FDFEA-983A-4E07-985D-2B2F63DFDECB}.Release|Any CPU.Build.0 = Release|Any CPU
		{14D5F4BC-D745-4360-B8C8-23306804D4E2}.Debug|Any CPU.ActiveCfg = Debug|Any CPU
		{14D5F4BC-D745-4360-B8C8-23306804D4E2}.Debug|Any CPU.Build.0 = Debug|Any CPU
		{14D5F4BC-D745-4360-B8C8-23306804D4E2}.Release|Any CPU.ActiveCfg = Release|Any CPU
		{14D5F4BC-D745-4360-B8C8-23306804D4E2}.Release|Any CPU.Build.0 = Release|Any CPU
	EndGlobalSection
	GlobalSection(SolutionProperties) = preSolution
		HideSolutionNode = FALSE
	EndGlobalSection
	GlobalSection(ExtensibilityGlobals) = postSolution
		SolutionGuid = {F124D778-6BAA-4F17-A380-F41A8E792C49}
	EndGlobalSection
EndGlobal
